
Microsoft Visual Studio Solution File, Format Version 12.00
Project("{FAE04EC0-301F-11D3-BF4B-00C04F79EFBC}") = "Zad12_s30766", "Zad12_s30766\Zad12_s30766.csproj", "{C7F4B643-AD7D-472A-A922-E901D7B16825}"
EndProject
Global
	GlobalSection(SolutionConfigurationPlatforms) = preSolution
		Debug|Any CPU = Debug|Any CPU
		Release|Any CPU = Release|Any CPU
	EndGlobalSection
	GlobalSection(ProjectConfigurationPlatforms) = postSolution
		{C7F4B643-AD7D-472A-A922-E901D7B16825}.Debug|Any CPU.ActiveCfg = Debug|Any CPU
		{C7F4B643-AD7D-472A-A922-E901D7B16825}.Debug|Any CPU.Build.0 = Debug|Any CPU
		{C7F4B643-AD7D-472A-A922-E901D7B16825}.Release|Any CPU.ActiveCfg = Release|Any CPU
		{C7F4B643-AD7D-472A-A922-E901D7B16825}.Release|Any CPU.Build.0 = Release|Any CPU
	EndGlobalSection
EndGlobal
